// !$*UTF8*$!
{
	archiveVersion = 1;
	classes = {
	};
	objectVersion = 46;
	objects = {

/* Begin PBXBuildFile section */
		A494E19638318FB516AC864A /* Pods_training.framework in Frameworks */ = {isa = PBXBuildFile; fileRef = 99C5C6D8C4CF860E6F78E60B /* Pods_training.framework */; };
		E1AF2C781FB1B2EE0019FD3B /* ItemTableViewCell.swift in Sources */ = {isa = PBXBuildFile; fileRef = E1AF2C771FB1B2EE0019FD3B /* ItemTableViewCell.swift */; };
		E1AF2C7A1FB1B5A20019FD3B /* ItemTableViewController.swift in Sources */ = {isa = PBXBuildFile; fileRef = E1AF2C791FB1B5A20019FD3B /* ItemTableViewController.swift */; };
		E1E4DB381FB1A31B0054F9F7 /* AppDelegate.swift in Sources */ = {isa = PBXBuildFile; fileRef = E1E4DB371FB1A31B0054F9F7 /* AppDelegate.swift */; };
		E1E4DB3A1FB1A31B0054F9F7 /* ViewController.swift in Sources */ = {isa = PBXBuildFile; fileRef = E1E4DB391FB1A31B0054F9F7 /* ViewController.swift */; };
		E1E4DB3D1FB1A31B0054F9F7 /* Main.storyboard in Resources */ = {isa = PBXBuildFile; fileRef = E1E4DB3B1FB1A31B0054F9F7 /* Main.storyboard */; };
		E1E4DB3F1FB1A31B0054F9F7 /* Assets.xcassets in Resources */ = {isa = PBXBuildFile; fileRef = E1E4DB3E1FB1A31B0054F9F7 /* Assets.xcassets */; };
		E1E4DB421FB1A31B0054F9F7 /* LaunchScreen.storyboard in Resources */ = {isa = PBXBuildFile; fileRef = E1E4DB401FB1A31B0054F9F7 /* LaunchScreen.storyboard */; };
/* End PBXBuildFile section */

/* Begin PBXFileReference section */
		10AA34775175B60C93E7F1A5 /* Pods-training.release.xcconfig */ = {isa = PBXFileReference; includeInIndex = 1; lastKnownFileType = text.xcconfig; name = "Pods-training.release.xcconfig"; path = "Pods/Target Support Files/Pods-training/Pods-training.release.xcconfig"; sourceTree = "<group>"; };
		75BD19261279F2792AE2E282 /* Pods-training.debug.xcconfig */ = {isa = PBXFileReference; includeInIndex = 1; lastKnownFileType = text.xcconfig; name = "Pods-training.debug.xcconfig"; path = "Pods/Target Support Files/Pods-training/Pods-training.debug.xcconfig"; sourceTree = "<group>"; };
		99C5C6D8C4CF860E6F78E60B /* Pods_training.framework */ = {isa = PBXFileReference; explicitFileType = wrapper.framework; includeInIndex = 0; path = Pods_training.framework; sourceTree = BUILT_PRODUCTS_DIR; };
		E1AF2C771FB1B2EE0019FD3B /* ItemTableViewCell.swift */ = {isa = PBXFileReference; fileEncoding = 4; lastKnownFileType = sourcecode.swift; path = ItemTableViewCell.swift; sourceTree = "<group>"; };
		E1AF2C791FB1B5A20019FD3B /* ItemTableViewController.swift */ = {isa = PBXFileReference; fileEncoding = 4; lastKnownFileType = sourcecode.swift; path = ItemTableViewController.swift; sourceTree = "<group>"; };
		E1E4DB341FB1A31B0054F9F7 /* training.app */ = {isa = PBXFileReference; explicitFileType = wrapper.application; includeInIndex = 0; path = training.app; sourceTree = BUILT_PRODUCTS_DIR; };
		E1E4DB371FB1A31B0054F9F7 /* AppDelegate.swift */ = {isa = PBXFileReference; lastKnownFileType = sourcecode.swift; path = AppDelegate.swift; sourceTree = "<group>"; };
		E1E4DB391FB1A31B0054F9F7 /* ViewController.swift */ = {isa = PBXFileReference; lastKnownFileType = sourcecode.swift; path = ViewController.swift; sourceTree = "<group>"; };
		E1E4DB3C1FB1A31B0054F9F7 /* Base */ = {isa = PBXFileReference; lastKnownFileType = file.storyboard; name = Base; path = Base.lproj/Main.storyboard; sourceTree = "<group>"; };
		E1E4DB3E1FB1A31B0054F9F7 /* Assets.xcassets */ = {isa = PBXFileReference; lastKnownFileType = folder.assetcatalog; path = Assets.xcassets; sourceTree = "<group>"; };
		E1E4DB411FB1A31B0054F9F7 /* Base */ = {isa = PBXFileReference; lastKnownFileType = file.storyboard; name = Base; path = Base.lproj/LaunchScreen.storyboard; sourceTree = "<group>"; };
		E1E4DB431FB1A31B0054F9F7 /* Info.plist */ = {isa = PBXFileReference; lastKnownFileType = text.plist.xml; path = Info.plist; sourceTree = "<group>"; };
/* End PBXFileReference section */

/* Begin PBXFrameworksBuildPhase section */
		E1E4DB311FB1A31B0054F9F7 /* Frameworks */ = {
			isa = PBXFrameworksBuildPhase;
			buildActionMask = 2147483647;
			files = (
				A494E19638318FB516AC864A /* Pods_training.framework in Frameworks */,
			);
			runOnlyForDeploymentPostprocessing = 0;
		};
/* End PBXFrameworksBuildPhase section */

/* Begin PBXGroup section */
		1A7550CF14E7A63624465BF9 /* Pods */ = {
			isa = PBXGroup;
			children = (
				75BD19261279F2792AE2E282 /* Pods-training.debug.xcconfig */,
				10AA34775175B60C93E7F1A5 /* Pods-training.release.xcconfig */,
			);
			name = Pods;
			sourceTree = "<group>";
		};
		260DFBAEEC9234D0C44C283D /* Frameworks */ = {
			isa = PBXGroup;
			children = (
				99C5C6D8C4CF860E6F78E60B /* Pods_training.framework */,
			);
			name = Frameworks;
			sourceTree = "<group>";
		};
		E1AF2C761FB1B2B10019FD3B /* itemList */ = {
			isa = PBXGroup;
			children = (
				E1E4DB3B1FB1A31B0054F9F7 /* Main.storyboard */,
				E1AF2C771FB1B2EE0019FD3B /* ItemTableViewCell.swift */,
				E1AF2C791FB1B5A20019FD3B /* ItemTableViewController.swift */,
			);
			name = itemList;
			sourceTree = "<group>";
		};
		E1E4DB2B1FB1A31B0054F9F7 = {
			isa = PBXGroup;
			children = (
				E1E4DB361FB1A31B0054F9F7 /* training */,
				E1E4DB351FB1A31B0054F9F7 /* Products */,
				1A7550CF14E7A63624465BF9 /* Pods */,
				260DFBAEEC9234D0C44C283D /* Frameworks */,
			);
			sourceTree = "<group>";
		};
		E1E4DB351FB1A31B0054F9F7 /* Products */ = {
			isa = PBXGroup;
			children = (
				E1E4DB341FB1A31B0054F9F7 /* training.app */,
			);
			name = Products;
			sourceTree = "<group>";
		};
		E1E4DB361FB1A31B0054F9F7 /* training */ = {
			isa = PBXGroup;
			children = (
				E1AF2C761FB1B2B10019FD3B /* itemList */,
				E1E4DB371FB1A31B0054F9F7 /* AppDelegate.swift */,
				E1E4DB391FB1A31B0054F9F7 /* ViewController.swift */,
				E1E4DB3E1FB1A31B0054F9F7 /* Assets.xcassets */,
				E1E4DB401FB1A31B0054F9F7 /* LaunchScreen.storyboard */,
				E1E4DB431FB1A31B0054F9F7 /* Info.plist */,
			);
			path = training;
			sourceTree = "<group>";
		};
/* End PBXGroup section */

/* Begin PBXNativeTarget section */
		E1E4DB331FB1A31B0054F9F7 /* training */ = {
			isa = PBXNativeTarget;
			buildConfigurationList = E1E4DB461FB1A31B0054F9F7 /* Build configuration list for PBXNativeTarget "training" */;
			buildPhases = (
				62108A4DE8BF3BAB8B318F31 /* [CP] Check Pods Manifest.lock */,
				E1E4DB301FB1A31B0054F9F7 /* Sources */,
				E1E4DB311FB1A31B0054F9F7 /* Frameworks */,
				E1E4DB321FB1A31B0054F9F7 /* Resources */,
				00AD38C0C711A962DAB886EF /* [CP] Embed Pods Frameworks */,
				AD106E9C7543F44BBF4C38DA /* [CP] Copy Pods Resources */,
			);
			buildRules = (
			);
			dependencies = (
			);
			name = training;
			productName = training;
			productReference = E1E4DB341FB1A31B0054F9F7 /* training.app */;
			productType = "com.apple.product-type.application";
		};
/* End PBXNativeTarget section */

/* Begin PBXProject section */
		E1E4DB2C1FB1A31B0054F9F7 /* Project object */ = {
			isa = PBXProject;
			attributes = {
				LastSwiftUpdateCheck = 0830;
				LastUpgradeCheck = 0830;
				ORGANIZATIONNAME = "Benedykt Ziobro";
				TargetAttributes = {
					E1E4DB331FB1A31B0054F9F7 = {
						CreatedOnToolsVersion = 8.3.3;
						ProvisioningStyle = Automatic;
					};
				};
			};
			buildConfigurationList = E1E4DB2F1FB1A31B0054F9F7 /* Build configuration list for PBXProject "training" */;
			compatibilityVersion = "Xcode 3.2";
			developmentRegion = English;
			hasScannedForEncodings = 0;
			knownRegions = (
				en,
				Base,
			);
			mainGroup = E1E4DB2B1FB1A31B0054F9F7;
			productRefGroup = E1E4DB351FB1A31B0054F9F7 /* Products */;
			projectDirPath = "";
			projectRoot = "";
			targets = (
				E1E4DB331FB1A31B0054F9F7 /* training */,
			);
		};
/* End PBXProject section */

/* Begin PBXResourcesBuildPhase section */
		E1E4DB321FB1A31B0054F9F7 /* Resources */ = {
			isa = PBXResourcesBuildPhase;
			buildActionMask = 2147483647;
			files = (
				E1E4DB421FB1A31B0054F9F7 /* LaunchScreen.storyboard in Resources */,
				E1E4DB3F1FB1A31B0054F9F7 /* Assets.xcassets in Resources */,
				E1E4DB3D1FB1A31B0054F9F7 /* Main.storyboard in Resources */,
			);
			runOnlyForDeploymentPostprocessing = 0;
		};
/* End PBXResourcesBuildPhase section */

/* Begin PBXShellScriptBuildPhase section */
		00AD38C0C711A962DAB886EF /* [CP] Embed Pods Frameworks */ = {
			isa = PBXShellScriptBuildPhase;
			buildActionMask = 2147483647;
			files = (
			);
			inputPaths = (
				"${SRCROOT}/Pods/Target Support Files/Pods-training/Pods-training-frameworks.sh",
				"${BUILT_PRODUCTS_DIR}/HandySwift/HandySwift.framework",
			);
			name = "[CP] Embed Pods Frameworks";
			outputPaths = (
				"${TARGET_BUILD_DIR}/${FRAMEWORKS_FOLDER_PATH}/HandySwift.framework",
			);
			runOnlyForDeploymentPostprocessing = 0;
			shellPath = /bin/sh;
			shellScript = "\"${SRCROOT}/Pods/Target Support Files/Pods-training/Pods-training-frameworks.sh\"\n";
			showEnvVarsInLog = 0;
		};
		62108A4DE8BF3BAB8B318F31 /* [CP] Check Pods Manifest.lock */ = {
			isa = PBXShellScriptBuildPhase;
			buildActionMask = 2147483647;
			files = (
			);
			inputPaths = (
				"${PODS_PODFILE_DIR_PATH}/Podfile.lock",
				"${PODS_ROOT}/Manifest.lock",
			);
			name = "[CP] Check Pods Manifest.lock";
			outputPaths = (
				"$(DERIVED_FILE_DIR)/Pods-training-checkManifestLockResult.txt",
			);
			runOnlyForDeploymentPostprocessing = 0;
			shellPath = /bin/sh;
			shellScript = "diff \"${PODS_PODFILE_DIR_PATH}/Podfile.lock\" \"${PODS_ROOT}/Manifest.lock\" > /dev/null\nif [ $? != 0 ] ; then\n    # print error to STDERR\n    echo \"error: The sandbox is not in sync with the Podfile.lock. Run 'pod install' or update your CocoaPods installation.\" >&2\n    exit 1\nfi\n# This output is used by Xcode 'outputs' to avoid re-running this script phase.\necho \"SUCCESS\" > \"${SCRIPT_OUTPUT_FILE_0}\"\n";
			showEnvVarsInLog = 0;
		};
		AD106E9C7543F44BBF4C38DA /* [CP] Copy Pods Resources */ = {
			isa = PBXShellScriptBuildPhase;
			buildActionMask = 2147483647;
			files = (
			);
			inputPaths = (
			);
			name = "[CP] Copy Pods Resources";
			outputPaths = (
			);
			runOnlyForDeploymentPostprocessing = 0;
			shellPath = /bin/sh;
			shellScript = "\"${SRCROOT}/Pods/Target Support Files/Pods-training/Pods-training-resources.sh\"\n";
			showEnvVarsInLog = 0;
		};
/* End PBXShellScriptBuildPhase section */

/* Begin PBXSourcesBuildPhase section */
		E1E4DB301FB1A31B0054F9F7 /* Sources */ = {
			isa = PBXSourcesBuildPhase;
			buildActionMask = 2147483647;
			files = (
				E1E4DB3A1FB1A31B0054F9F7 /* ViewController.swift in Sources */,
				E1AF2C781FB1B2EE0019FD3B /* ItemTableViewCell.swift in Sources */,
				E1AF2C7A1FB1B5A20019FD3B /* ItemTableViewController.swift in Sources */,
				E1E4DB381FB1A31B0054F9F7 /* AppDelegate.swift in Sources */,
			);
			runOnlyForDeploymentPostprocessing = 0;
		};
/* End PBXSourcesBuildPhase section */

/* Begin PBXVariantGroup section */
		E1E4DB3B1FB1A31B0054F9F7 /* Main.storyboard */ = {
			isa = PBXVariantGroup;
			children = (
				E1E4DB3C1FB1A31B0054F9F7 /* Base */,
			);
			name = Main.storyboard;
			sourceTree = "<group>";
		};
		E1E4DB401FB1A31B0054F9F7 /* LaunchScreen.storyboard */ = {
			isa = PBXVariantGroup;
			children = (
				E1E4DB411FB1A31B0054F9F7 /* Base */,
			);
			name = LaunchScreen.storyboard;
			sourceTree = "<group>";
		};
/* End PBXVariantGroup section */

/* Begin XCBuildConfiguration section */
		E1E4DB441FB1A31B0054F9F7 /* Debug */ = {
			isa = XCBuildConfiguration;
			buildSettings = {
				ALWAYS_SEARCH_USER_PATHS = NO;
				CLANG_ANALYZER_NONNULL = YES;
				CLANG_ANALYZER_NUMBER_OBJECT_CONVERSION = YES_AGGRESSIVE;
				CLANG_CXX_LANGUAGE_STANDARD = "gnu++0x";
				CLANG_CXX_LIBRARY = "libc++";
				CLANG_ENABLE_MODULES = YES;
				CLANG_ENABLE_OBJC_ARC = YES;
				CLANG_WARN_BOOL_CONVERSION = YES;
				CLANG_WARN_CONSTANT_CONVERSION = YES;
				CLANG_WARN_DIRECT_OBJC_ISA_USAGE = YES_ERROR;
				CLANG_WARN_DOCUMENTATION_COMMENTS = YES;
				CLANG_WARN_EMPTY_BODY = YES;
				CLANG_WARN_ENUM_CONVERSION = YES;
				CLANG_WARN_INFINITE_RECURSION = YES;
				CLANG_WARN_INT_CONVERSION = YES;
				CLANG_WARN_OBJC_ROOT_CLASS = YES_ERROR;
				CLANG_WARN_SUSPICIOUS_MOVE = YES;
				CLANG_WARN_UNREACHABLE_CODE = YES;
				CLANG_WARN__DUPLICATE_METHOD_MATCH = YES;
				"CODE_SIGN_IDENTITY[sdk=iphoneos*]" = "iPhone Developer";
				COPY_PHASE_STRIP = NO;
				DEBUG_INFORMATION_FORMAT = dwarf;
				ENABLE_STRICT_OBJC_MSGSEND = YES;
				ENABLE_TESTABILITY = YES;
				GCC_C_LANGUAGE_STANDARD = gnu99;
				GCC_DYNAMIC_NO_PIC = NO;
				GCC_NO_COMMON_BLOCKS = YES;
				GCC_OPTIMIZATION_LEVEL = 0;
				GCC_PREPROCESSOR_DEFINITIONS = (
					"DEBUG=1",
					"$(inherited)",
				);
				GCC_WARN_64_TO_32_BIT_CONVERSION = YES;
				GCC_WARN_ABOUT_RETURN_TYPE = YES_ERROR;
				GCC_WARN_UNDECLARED_SELECTOR = YES;
				GCC_WARN_UNINITIALIZED_AUTOS = YES_AGGRESSIVE;
				GCC_WARN_UNUSED_FUNCTION = YES;
				GCC_WARN_UNUSED_VARIABLE = YES;
				IPHONEOS_DEPLOYMENT_TARGET = 10.3;
				MTL_ENABLE_DEBUG_INFO = YES;
				ONLY_ACTIVE_ARCH = YES;
				SDKROOT = iphoneos;
				SWIFT_ACTIVE_COMPILATION_CONDITIONS = DEBUG;
				SWIFT_OPTIMIZATION_LEVEL = "-Onone";
				TARGETED_DEVICE_FAMILY = "1,2";
			};
			name = Debug;
		};
		E1E4DB451FB1A31B0054F9F7 /* Release */ = {
			isa = XCBuildConfiguration;
			buildSettings = {
				ALWAYS_SEARCH_USER_PATHS = NO;
				CLANG_ANALYZER_NONNULL = YES;
				CLANG_ANALYZER_NUMBER_OBJECT_CONVERSION = YES_AGGRESSIVE;
				CLANG_CXX_LANGUAGE_STANDARD = "gnu++0x";
				CLANG_CXX_LIBRARY = "libc++";
				CLANG_ENABLE_MODULES = YES;
				CLANG_ENABLE_OBJC_ARC = YES;
				CLANG_WARN_BOOL_CONVERSION = YES;
				CLANG_WARN_CONSTANT_CONVERSION = YES;
				CLANG_WARN_DIRECT_OBJC_ISA_USAGE = YES_ERROR;
				CLANG_WARN_DOCUMENTATION_COMMENTS = YES;
				CLANG_WARN_EMPTY_BODY = YES;
				CLANG_WARN_ENUM_CONVERSION = YES;
				CLANG_WARN_INFINITE_RECURSION = YES;
				CLANG_WARN_INT_CONVERSION = YES;
				CLANG_WARN_OBJC_ROOT_CLASS = YES_ERROR;
				CLANG_WARN_SUSPICIOUS_MOVE = YES;
				CLANG_WARN_UNREACHABLE_CODE = YES;
				CLANG_WARN__DUPLICATE_METHOD_MATCH = YES;
				"CODE_SIGN_IDENTITY[sdk=iphoneos*]" = "iPhone Developer";
				COPY_PHASE_STRIP = NO;
				DEBUG_INFORMATION_FORMAT = "dwarf-with-dsym";
				ENABLE_NS_ASSERTIONS = NO;
				ENABLE_STRICT_OBJC_MSGSEND = YES;
				GCC_C_LANGUAGE_STANDARD = gnu99;
				GCC_NO_COMMON_BLOCKS = YES;
				GCC_WARN_64_TO_32_BIT_CONVERSION = YES;
				GCC_WARN_ABOUT_RETURN_TYPE = YES_ERROR;
				GCC_WARN_UNDECLARED_SELECTOR = YES;
				GCC_WARN_UNINITIALIZED_AUTOS = YES_AGGRESSIVE;
				GCC_WARN_UNUSED_FUNCTION = YES;
				GCC_WARN_UNUSED_VARIABLE = YES;
				IPHONEOS_DEPLOYMENT_TARGET = 10.3;
				MTL_ENABLE_DEBUG_INFO = NO;
				SDKROOT = iphoneos;
				SWIFT_OPTIMIZATION_LEVEL = "-Owholemodule";
				TARGETED_DEVICE_FAMILY = "1,2";
				VALIDATE_PRODUCT = YES;
			};
			name = Release;
		};
		E1E4DB471FB1A31B0054F9F7 /* Debug */ = {
			isa = XCBuildConfiguration;
			baseConfigurationReference = 75BD19261279F2792AE2E282 /* Pods-training.debug.xcconfig */;
			buildSettings = {
				ASSETCATALOG_COMPILER_APPICON_NAME = AppIcon;
				INFOPLIST_FILE = training/Info.plist;
				LD_RUNPATH_SEARCH_PATHS = "$(inherited) @executable_path/Frameworks";
				PRODUCT_BUNDLE_IDENTIFIER = mobica.com.training;
				PRODUCT_NAME = "$(TARGET_NAME)";
				SWIFT_VERSION = 3.0;
			};
			name = Debug;
		};
		E1E4DB481FB1A31B0054F9F7 /* Release */ = {
			isa = XCBuildConfiguration;
			baseConfigurationReference = 10AA34775175B60C93E7F1A5 /* Pods-training.release.xcconfig */;
			buildSettings = {
				ASSETCATALOG_COMPILER_APPICON_NAME = AppIcon;
				INFOPLIST_FILE = training/Info.plist;
				LD_RUNPATH_SEARCH_PATHS = "$(inherited) @executable_path/Frameworks";
				PRODUCT_BUNDLE_IDENTIFIER = mobica.com.training;
				PRODUCT_NAME = "$(TARGET_NAME)";
				SWIFT_VERSION = 3.0;
			};
			name = Release;
		};
/* End XCBuildConfiguration section */

/* Begin XCConfigurationList section */
		E1E4DB2F1FB1A31B0054F9F7 /* Build configuration list for PBXProject "training" */ = {
			isa = XCConfigurationList;
			buildConfigurations = (
				E1E4DB441FB1A31B0054F9F7 /* Debug */,
				E1E4DB451FB1A31B0054F9F7 /* Release */,
			);
			defaultConfigurationIsVisible = 0;
			defaultConfigurationName = Release;
		};
		E1E4DB461FB1A31B0054F9F7 /* Build configuration list for PBXNativeTarget "training" */ = {
			isa = XCConfigurationList;
			buildConfigurations = (
				E1E4DB471FB1A31B0054F9F7 /* Debug */,
				E1E4DB481FB1A31B0054F9F7 /* Release */,
			);
			defaultConfigurationIsVisible = 0;
			defaultConfigurationName = Release;
		};
/* End XCConfigurationList section */
	};
	rootObject = E1E4DB2C1FB1A31B0054F9F7 /* Project object */;
}
